
Microsoft Visual Studio Solution File, Format Version 12.00
# Visual Studio Version 17
VisualStudioVersion = 17.14.36623.8 d17.14
MinimumVisualStudioVersion = 10.0.40219.1
Project("{FAE04EC0-301F-11D3-BF4B-00C04F79EFBC}") = "SiteVendaLanches", "SiteVendaLanches\SiteVendaLanches.csproj", "{AAA482A7-B51C-465E-8422-4ED47A44D79C}"
EndProject
Global
	GlobalSection(SolutionConfigurationPlatforms) = preSolution
		Debug|Any CPU = Debug|Any CPU
		Release|Any CPU = Release|Any CPU
	EndGlobalSection
	GlobalSection(ProjectConfigurationPlatforms) = postSolution
		{AAA482A7-B51C-465E-8422-4ED47A44D79C}.Debug|Any CPU.ActiveCfg = Debug|Any CPU
		{AAA482A7-B51C-465E-8422-4ED47A44D79C}.Debug|Any CPU.Build.0 = Debug|Any CPU
		{AAA482A7-B51C-465E-8422-4ED47A44D79C}.Release|Any CPU.ActiveCfg = Release|Any CPU
		{AAA482A7-B51C-465E-8422-4ED47A44D79C}.Release|Any CPU.Build.0 = Release|Any CPU
	EndGlobalSection
	GlobalSection(SolutionProperties) = preSolution
		HideSolutionNode = FALSE
	EndGlobalSection
	GlobalSection(ExtensibilityGlobals) = postSolution
		SolutionGuid = {997AE480-570F-4126-A893-18B46FDED844}
	EndGlobalSection
EndGlobal
